
Microsoft Visual Studio Solution File, Format Version 12.00
# Visual Studio 14
VisualStudioVersion = 14.0.24720.0
MinimumVisualStudioVersion = 10.0.40219.1
Project("{FAE04EC0-301F-11D3-BF4B-00C04F79EFBC}") = "ProjectJam", "ProjectJam\ProjectJam.csproj", "{D629C8CE-A799-43BA-81B1-403EC53F1D94}"
EndProject
Project("{FAE04EC0-301F-11D3-BF4B-00C04F79EFBC}") = "TestJam", "TestJam\TestJam.csproj", "{6AABA2EB-9503-4ACA-B91B-0EF5EAFE6E00}"
EndProject
Global
	GlobalSection(SolutionConfigurationPlatforms) = preSolution
		Debug|Any CPU = Debug|Any CPU
		Release|Any CPU = Release|Any CPU
	EndGlobalSection
	GlobalSection(ProjectConfigurationPlatforms) = postSolution
		{D629C8CE-A799-43BA-81B1-403EC53F1D94}.Debug|Any CPU.ActiveCfg = Debug|Any CPU
		{D629C8CE-A799-43BA-81B1-403EC53F1D94}.Debug|Any CPU.Build.0 = Debug|Any CPU
		{D629C8CE-A799-43BA-81B1-403EC53F1D94}.Release|Any CPU.ActiveCfg = Release|Any CPU
		{D629C8CE-A799-43BA-81B1-403EC53F1D94}.Release|Any CPU.Build.0 = Release|Any CPU
		{6AABA2EB-9503-4ACA-B91B-0EF5EAFE6E00}.Debug|Any CPU.ActiveCfg = Debug|Any CPU
		{6AABA2EB-9503-4ACA-B91B-0EF5EAFE6E00}.Debug|Any CPU.Build.0 = Debug|Any CPU
		{6AABA2EB-9503-4ACA-B91B-0EF5EAFE6E00}.Release|Any CPU.ActiveCfg = Release|Any CPU
		{6AABA2EB-9503-4ACA-B91B-0EF5EAFE6E00}.Release|Any CPU.Build.0 = Release|Any CPU
	EndGlobalSection
	GlobalSection(SolutionProperties) = preSolution
		HideSolutionNode = FALSE
	EndGlobalSection
EndGlobal
